
Microsoft Visual Studio Solution File, Format Version 12.00
# Visual Studio 2015
Project("{FAE04EC0-301F-11D3-BF4B-00C04F79EFBC}") = "AssetBundleFramework", "AssetBundleFramework.csproj", "{59DF80A5-36C8-C148-0F55-21B2184846BB}"
EndProject
Project("{FAE04EC0-301F-11D3-BF4B-00C04F79EFBC}") = "AssetBundleFramework.Editor", "AssetBundleFramework.Editor.csproj", "{CCB891FF-6718-DC2F-B021-5B9041F9FD57}"
EndProject
Global
	GlobalSection(SolutionConfigurationPlatforms) = preSolution
		Debug|Any CPU = Debug|Any CPU
		Release|Any CPU = Release|Any CPU
	EndGlobalSection
	GlobalSection(ProjectConfigurationPlatforms) = postSolution
		{59DF80A5-36C8-C148-0F55-21B2184846BB}.Debug|Any CPU.ActiveCfg = Debug|Any CPU
		{59DF80A5-36C8-C148-0F55-21B2184846BB}.Debug|Any CPU.Build.0 = Debug|Any CPU
		{59DF80A5-36C8-C148-0F55-21B2184846BB}.Release|Any CPU.ActiveCfg = Release|Any CPU
		{59DF80A5-36C8-C148-0F55-21B2184846BB}.Release|Any CPU.Build.0 = Release|Any CPU
		{CCB891FF-6718-DC2F-B021-5B9041F9FD57}.Debug|Any CPU.ActiveCfg = Debug|Any CPU
		{CCB891FF-6718-DC2F-B021-5B9041F9FD57}.Debug|Any CPU.Build.0 = Debug|Any CPU
		{CCB891FF-6718-DC2F-B021-5B9041F9FD57}.Release|Any CPU.ActiveCfg = Release|Any CPU
		{CCB891FF-6718-DC2F-B021-5B9041F9FD57}.Release|Any CPU.Build.0 = Release|Any CPU
	EndGlobalSection
	GlobalSection(SolutionProperties) = preSolution
		HideSolutionNode = FALSE
	EndGlobalSection
EndGlobal
